
Microsoft Visual Studio Solution File, Format Version 12.00
# Visual Studio Version 16
VisualStudioVersion = 16.0.34601.136
MinimumVisualStudioVersion = 10.0.40219.1
Project("{FAE04EC0-301F-11D3-BF4B-00C04F79EFBC}") = "WebApplication13", "WebApplication13\WebApplication13.csproj", "{828B3FE5-3E96-49B6-AD53-6EF80F1719C3}"
EndProject
Global
	GlobalSection(SolutionConfigurationPlatforms) = preSolution
		Debug|Any CPU = Debug|Any CPU
		Release|Any CPU = Release|Any CPU
	EndGlobalSection
	GlobalSection(ProjectConfigurationPlatforms) = postSolution
		{828B3FE5-3E96-49B6-AD53-6EF80F1719C3}.Debug|Any CPU.ActiveCfg = Debug|Any CPU
		{828B3FE5-3E96-49B6-AD53-6EF80F1719C3}.Debug|Any CPU.Build.0 = Debug|Any CPU
		{828B3FE5-3E96-49B6-AD53-6EF80F1719C3}.Release|Any CPU.ActiveCfg = Release|Any CPU
		{828B3FE5-3E96-49B6-AD53-6EF80F1719C3}.Release|Any CPU.Build.0 = Release|Any CPU
	EndGlobalSection
	GlobalSection(SolutionProperties) = preSolution
		HideSolutionNode = FALSE
	EndGlobalSection
	GlobalSection(ExtensibilityGlobals) = postSolution
		SolutionGuid = {F8CF0E55-8557-41BC-9F22-62B310865A96}
	EndGlobalSection
EndGlobal
